
Microsoft Visual Studio Solution File, Format Version 12.00
# Visual Studio Version 17
VisualStudioVersion = 17.2.32616.157
MinimumVisualStudioVersion = 10.0.40219.1
Project("{FAE04EC0-301F-11D3-BF4B-00C04F79EFBC}") = "BookStoreApp1.API", "BookStoreApp1.API\BookStoreApp1.API.csproj", "{AE17B04C-E9DA-472A-90EE-0627581EBD15}"
EndProject
Global
	GlobalSection(SolutionConfigurationPlatforms) = preSolution
		Debug|Any CPU = Debug|Any CPU
		Release|Any CPU = Release|Any CPU
	EndGlobalSection
	GlobalSection(ProjectConfigurationPlatforms) = postSolution
		{AE17B04C-E9DA-472A-90EE-0627581EBD15}.Debug|Any CPU.ActiveCfg = Debug|Any CPU
		{AE17B04C-E9DA-472A-90EE-0627581EBD15}.Debug|Any CPU.Build.0 = Debug|Any CPU
		{AE17B04C-E9DA-472A-90EE-0627581EBD15}.Release|Any CPU.ActiveCfg = Release|Any CPU
		{AE17B04C-E9DA-472A-90EE-0627581EBD15}.Release|Any CPU.Build.0 = Release|Any CPU
	EndGlobalSection
	GlobalSection(SolutionProperties) = preSolution
		HideSolutionNode = FALSE
	EndGlobalSection
	GlobalSection(ExtensibilityGlobals) = postSolution
		SolutionGuid = {FE5319B9-C7B0-4D9E-8DD3-B069FF2B748D}
	EndGlobalSection
EndGlobal
